
Microsoft Visual Studio Solution File, Format Version 12.00
# Visual Studio Version 16
VisualStudioVersion = 16.0.31729.503
MinimumVisualStudioVersion = 10.0.40219.1
Project("{FAE04EC0-301F-11D3-BF4B-00C04F79EFBC}") = "Oyun", "Oyun\Oyun.csproj", "{4F421E89-6AE9-47F4-8374-5BCA91BE59E6}"
EndProject
Global
	GlobalSection(SolutionConfigurationPlatforms) = preSolution
		Debug|Any CPU = Debug|Any CPU
		Release|Any CPU = Release|Any CPU
	EndGlobalSection
	GlobalSection(ProjectConfigurationPlatforms) = postSolution
		{4F421E89-6AE9-47F4-8374-5BCA91BE59E6}.Debug|Any CPU.ActiveCfg = Debug|Any CPU
		{4F421E89-6AE9-47F4-8374-5BCA91BE59E6}.Debug|Any CPU.Build.0 = Debug|Any CPU
		{4F421E89-6AE9-47F4-8374-5BCA91BE59E6}.Release|Any CPU.ActiveCfg = Release|Any CPU
		{4F421E89-6AE9-47F4-8374-5BCA91BE59E6}.Release|Any CPU.Build.0 = Release|Any CPU
	EndGlobalSection
	GlobalSection(SolutionProperties) = preSolution
		HideSolutionNode = FALSE
	EndGlobalSection
	GlobalSection(ExtensibilityGlobals) = postSolution
		SolutionGuid = {0F4104CA-E6C0-4C71-9B51-3A9B6299B8C5}
	EndGlobalSection
EndGlobal
